
Microsoft Visual Studio Solution File, Format Version 12.00
# Visual Studio Version 17
VisualStudioVersion = 17.10.35013.160
MinimumVisualStudioVersion = 10.0.40219.1
Project("{9A19103F-16F7-4668-BE54-9A1E7A4F7556}") = "PlatformService", "PlatformService\PlatformService.csproj", "{265B506E-034F-4570-B6AB-F8D44A008C84}"
EndProject
Project("{FAE04EC0-301F-11D3-BF4B-00C04F79EFBC}") = "CommandsService", "CommandsService\CommandsService.csproj", "{E12CDE0A-D39D-409F-B2C5-50151674146B}"
EndProject
Global
	GlobalSection(SolutionConfigurationPlatforms) = preSolution
		Debug|Any CPU = Debug|Any CPU
		Release|Any CPU = Release|Any CPU
	EndGlobalSection
	GlobalSection(ProjectConfigurationPlatforms) = postSolution
		{265B506E-034F-4570-B6AB-F8D44A008C84}.Debug|Any CPU.ActiveCfg = Debug|Any CPU
		{265B506E-034F-4570-B6AB-F8D44A008C84}.Debug|Any CPU.Build.0 = Debug|Any CPU
		{265B506E-034F-4570-B6AB-F8D44A008C84}.Release|Any CPU.ActiveCfg = Release|Any CPU
		{265B506E-034F-4570-B6AB-F8D44A008C84}.Release|Any CPU.Build.0 = Release|Any CPU
		{E12CDE0A-D39D-409F-B2C5-50151674146B}.Debug|Any CPU.ActiveCfg = Debug|Any CPU
		{E12CDE0A-D39D-409F-B2C5-50151674146B}.Debug|Any CPU.Build.0 = Debug|Any CPU
		{E12CDE0A-D39D-409F-B2C5-50151674146B}.Release|Any CPU.ActiveCfg = Release|Any CPU
		{E12CDE0A-D39D-409F-B2C5-50151674146B}.Release|Any CPU.Build.0 = Release|Any CPU
	EndGlobalSection
	GlobalSection(SolutionProperties) = preSolution
		HideSolutionNode = FALSE
	EndGlobalSection
	GlobalSection(ExtensibilityGlobals) = postSolution
		SolutionGuid = {70A4DB10-2ECC-4E7C-9B2B-05B00CCDB207}
	EndGlobalSection
EndGlobal
